
Microsoft Visual Studio Solution File, Format Version 12.00
# Visual Studio 2012
Project("{FAE04EC0-301F-11D3-BF4B-00C04F79EFBC}") = "EffectsSample", "EffectsSample\EffectsSample.csproj", "{1700D995-1B71-4E45-AF0E-CCC613625457}"
EndProject
Project("{FAE04EC0-301F-11D3-BF4B-00C04F79EFBC}") = "EffectsSample.iOS", "iOS\EffectsSample.iOS.csproj", "{B1647F82-65E9-44B4-95F0-55BF1B9E81D0}"
EndProject
Project("{FAE04EC0-301F-11D3-BF4B-00C04F79EFBC}") = "EffectsSample.Droid", "Droid\EffectsSample.Droid.csproj", "{15817AE4-0500-4155-BF19-03C70EC2113D}"
EndProject
Global
	GlobalSection(SolutionConfigurationPlatforms) = preSolution
		Debug|Any CPU = Debug|Any CPU
		Release|Any CPU = Release|Any CPU
		Debug|iPhoneSimulator = Debug|iPhoneSimulator
		Release|iPhone = Release|iPhone
		Release|iPhoneSimulator = Release|iPhoneSimulator
		Debug|iPhone = Debug|iPhone
	EndGlobalSection
	GlobalSection(ProjectConfigurationPlatforms) = postSolution
		{1700D995-1B71-4E45-AF0E-CCC613625457}.Debug|Any CPU.ActiveCfg = Debug|Any CPU
		{1700D995-1B71-4E45-AF0E-CCC613625457}.Debug|Any CPU.Build.0 = Debug|Any CPU
		{1700D995-1B71-4E45-AF0E-CCC613625457}.Release|Any CPU.ActiveCfg = Release|Any CPU
		{1700D995-1B71-4E45-AF0E-CCC613625457}.Release|Any CPU.Build.0 = Release|Any CPU
		{1700D995-1B71-4E45-AF0E-CCC613625457}.Debug|iPhoneSimulator.ActiveCfg = Debug|Any CPU
		{1700D995-1B71-4E45-AF0E-CCC613625457}.Debug|iPhoneSimulator.Build.0 = Debug|Any CPU
		{1700D995-1B71-4E45-AF0E-CCC613625457}.Release|iPhone.ActiveCfg = Release|Any CPU
		{1700D995-1B71-4E45-AF0E-CCC613625457}.Release|iPhone.Build.0 = Release|Any CPU
		{1700D995-1B71-4E45-AF0E-CCC613625457}.Release|iPhoneSimulator.ActiveCfg = Release|Any CPU
		{1700D995-1B71-4E45-AF0E-CCC613625457}.Release|iPhoneSimulator.Build.0 = Release|Any CPU
		{1700D995-1B71-4E45-AF0E-CCC613625457}.Debug|iPhone.ActiveCfg = Debug|Any CPU
		{1700D995-1B71-4E45-AF0E-CCC613625457}.Debug|iPhone.Build.0 = Debug|Any CPU
		{B1647F82-65E9-44B4-95F0-55BF1B9E81D0}.Debug|Any CPU.ActiveCfg = Debug|iPhoneSimulator
		{B1647F82-65E9-44B4-95F0-55BF1B9E81D0}.Debug|Any CPU.Build.0 = Debug|iPhoneSimulator
		{B1647F82-65E9-44B4-95F0-55BF1B9E81D0}.Release|Any CPU.ActiveCfg = Release|iPhone
		{B1647F82-65E9-44B4-95F0-55BF1B9E81D0}.Release|Any CPU.Build.0 = Release|iPhone
		{B1647F82-65E9-44B4-95F0-55BF1B9E81D0}.Debug|iPhoneSimulator.ActiveCfg = Debug|iPhoneSimulator
		{B1647F82-65E9-44B4-95F0-55BF1B9E81D0}.Debug|iPhoneSimulator.Build.0 = Debug|iPhoneSimulator
		{B1647F82-65E9-44B4-95F0-55BF1B9E81D0}.Release|iPhone.ActiveCfg = Release|iPhone
		{B1647F82-65E9-44B4-95F0-55BF1B9E81D0}.Release|iPhone.Build.0 = Release|iPhone
		{B1647F82-65E9-44B4-95F0-55BF1B9E81D0}.Release|iPhoneSimulator.ActiveCfg = Release|iPhoneSimulator
		{B1647F82-65E9-44B4-95F0-55BF1B9E81D0}.Release|iPhoneSimulator.Build.0 = Release|iPhoneSimulator
		{B1647F82-65E9-44B4-95F0-55BF1B9E81D0}.Debug|iPhone.ActiveCfg = Debug|iPhone
		{B1647F82-65E9-44B4-95F0-55BF1B9E81D0}.Debug|iPhone.Build.0 = Debug|iPhone
		{15817AE4-0500-4155-BF19-03C70EC2113D}.Debug|Any CPU.ActiveCfg = Debug|Any CPU
		{15817AE4-0500-4155-BF19-03C70EC2113D}.Debug|Any CPU.Build.0 = Debug|Any CPU
		{15817AE4-0500-4155-BF19-03C70EC2113D}.Release|Any CPU.ActiveCfg = Release|Any CPU
		{15817AE4-0500-4155-BF19-03C70EC2113D}.Release|Any CPU.Build.0 = Release|Any CPU
		{15817AE4-0500-4155-BF19-03C70EC2113D}.Debug|iPhoneSimulator.ActiveCfg = Debug|Any CPU
		{15817AE4-0500-4155-BF19-03C70EC2113D}.Debug|iPhoneSimulator.Build.0 = Debug|Any CPU
		{15817AE4-0500-4155-BF19-03C70EC2113D}.Release|iPhone.ActiveCfg = Release|Any CPU
		{15817AE4-0500-4155-BF19-03C70EC2113D}.Release|iPhone.Build.0 = Release|Any CPU
		{15817AE4-0500-4155-BF19-03C70EC2113D}.Release|iPhoneSimulator.ActiveCfg = Release|Any CPU
		{15817AE4-0500-4155-BF19-03C70EC2113D}.Release|iPhoneSimulator.Build.0 = Release|Any CPU
		{15817AE4-0500-4155-BF19-03C70EC2113D}.Debug|iPhone.ActiveCfg = Debug|Any CPU
		{15817AE4-0500-4155-BF19-03C70EC2113D}.Debug|iPhone.Build.0 = Debug|Any CPU
	EndGlobalSection
EndGlobal
